<?xml version="1.0" encoding="utf-8"?>
<Project ToolsVersion="4.0" xmlns="http://schemas.microsoft.com/developer/msbuild/2003">
  <ItemGroup>
    <ClCompile Include="src\Source.cpp" />
    <ClCompile Include="src\VAO.cpp" />
    <ClCompile Include="src\Camera.cpp" />
    <ClCompile Include="src\Shader.cpp" />
    <ClCompile Include="src\SphereCalculator.cpp" />
    <ClCompile Include="src\SphereElements.cpp" />
  </ItemGroup>
  <ItemGroup>
    <ClInclude Include="src\VAO.h" />
    <ClInclude Include="libs\include\glm\glm.hpp" />
    <ClInclude Include="src\Camera.h" />
    <ClInclude Include="src\Shader.h" />
    <ClInclude Include="src\SphereCalculator.h" />
    <ClInclude Include="src\SphereElements.h" />
  </ItemGroup>
</Project>